
Microsoft Visual Studio Solution File, Format Version 12.00
# Visual Studio 15
VisualStudioVersion = 15.0.28307.329
MinimumVisualStudioVersion = 10.0.40219.1
Project("{FAE04EC0-301F-11D3-BF4B-00C04F79EFBC}") = "CSharpToSql", "CSharpToSql\CSharpToSql.csproj", "{277D2550-42E4-44A5-A5EF-278A54FF9A05}"
EndProject
Project("{FAE04EC0-301F-11D3-BF4B-00C04F79EFBC}") = "PrsLibrary", "PrsLibrary\PrsLibrary.csproj", "{3C5A1490-1AEA-497F-92F8-6223966F1A7F}"
EndProject
Project("{FAE04EC0-301F-11D3-BF4B-00C04F79EFBC}") = "TestPrsLibrary", "TestPrsLibrary\TestPrsLibrary.csproj", "{3C401BFC-6A4F-4916-9781-89DED9CCA078}"
EndProject
Global
	GlobalSection(SolutionConfigurationPlatforms) = preSolution
		Debug|Any CPU = Debug|Any CPU
		Release|Any CPU = Release|Any CPU
	EndGlobalSection
	GlobalSection(ProjectConfigurationPlatforms) = postSolution
		{277D2550-42E4-44A5-A5EF-278A54FF9A05}.Debug|Any CPU.ActiveCfg = Debug|Any CPU
		{277D2550-42E4-44A5-A5EF-278A54FF9A05}.Debug|Any CPU.Build.0 = Debug|Any CPU
		{277D2550-42E4-44A5-A5EF-278A54FF9A05}.Release|Any CPU.ActiveCfg = Release|Any CPU
		{277D2550-42E4-44A5-A5EF-278A54FF9A05}.Release|Any CPU.Build.0 = Release|Any CPU
		{3C5A1490-1AEA-497F-92F8-6223966F1A7F}.Debug|Any CPU.ActiveCfg = Debug|Any CPU
		{3C5A1490-1AEA-497F-92F8-6223966F1A7F}.Debug|Any CPU.Build.0 = Debug|Any CPU
		{3C5A1490-1AEA-497F-92F8-6223966F1A7F}.Release|Any CPU.ActiveCfg = Release|Any CPU
		{3C5A1490-1AEA-497F-92F8-6223966F1A7F}.Release|Any CPU.Build.0 = Release|Any CPU
		{3C401BFC-6A4F-4916-9781-89DED9CCA078}.Debug|Any CPU.ActiveCfg = Debug|Any CPU
		{3C401BFC-6A4F-4916-9781-89DED9CCA078}.Debug|Any CPU.Build.0 = Debug|Any CPU
		{3C401BFC-6A4F-4916-9781-89DED9CCA078}.Release|Any CPU.ActiveCfg = Release|Any CPU
		{3C401BFC-6A4F-4916-9781-89DED9CCA078}.Release|Any CPU.Build.0 = Release|Any CPU
	EndGlobalSection
	GlobalSection(SolutionProperties) = preSolution
		HideSolutionNode = FALSE
	EndGlobalSection
	GlobalSection(ExtensibilityGlobals) = postSolution
		SolutionGuid = {41E0394F-BB9A-4ED1-B22E-452DE16FC14C}
	EndGlobalSection
EndGlobal
