
Microsoft Visual Studio Solution File, Format Version 12.00
# Visual Studio 15
VisualStudioVersion = 15.0.28307.421
MinimumVisualStudioVersion = 10.0.40219.1
Project("{FAE04EC0-301F-11D3-BF4B-00C04F79EFBC}") = "DelegatesTutorial", "DelegatesTutorial\DelegatesTutorial.csproj", "{4EF437D6-C70A-4D57-AB90-A9A92368A9E0}"
EndProject
Global
	GlobalSection(SolutionConfigurationPlatforms) = preSolution
		Debug|Any CPU = Debug|Any CPU
		Release|Any CPU = Release|Any CPU
	EndGlobalSection
	GlobalSection(ProjectConfigurationPlatforms) = postSolution
		{4EF437D6-C70A-4D57-AB90-A9A92368A9E0}.Debug|Any CPU.ActiveCfg = Debug|Any CPU
		{4EF437D6-C70A-4D57-AB90-A9A92368A9E0}.Debug|Any CPU.Build.0 = Debug|Any CPU
		{4EF437D6-C70A-4D57-AB90-A9A92368A9E0}.Release|Any CPU.ActiveCfg = Release|Any CPU
		{4EF437D6-C70A-4D57-AB90-A9A92368A9E0}.Release|Any CPU.Build.0 = Release|Any CPU
	EndGlobalSection
	GlobalSection(SolutionProperties) = preSolution
		HideSolutionNode = FALSE
	EndGlobalSection
	GlobalSection(ExtensibilityGlobals) = postSolution
		SolutionGuid = {36123F40-4B75-4200-BE66-2F7EF8E00F13}
	EndGlobalSection
EndGlobal
