
Microsoft Visual Studio Solution File, Format Version 12.00
# Visual Studio 15
VisualStudioVersion = 15.0.28307.421
MinimumVisualStudioVersion = 10.0.40219.1
Project("{FAE04EC0-301F-11D3-BF4B-00C04F79EFBC}") = "ArithmeticProject", "ArithmeticProject\ArithmeticProject.csproj", "{EBE20753-8A1A-4918-8B55-5AD3C662E752}"
EndProject
Project("{FAE04EC0-301F-11D3-BF4B-00C04F79EFBC}") = "TestArithmetic", "TestArithmetic\TestArithmetic.csproj", "{A191D56C-ABE2-4FE7-BED3-B767D4933984}"
EndProject
Global
	GlobalSection(SolutionConfigurationPlatforms) = preSolution
		Debug|Any CPU = Debug|Any CPU
		Release|Any CPU = Release|Any CPU
	EndGlobalSection
	GlobalSection(ProjectConfigurationPlatforms) = postSolution
		{EBE20753-8A1A-4918-8B55-5AD3C662E752}.Debug|Any CPU.ActiveCfg = Debug|Any CPU
		{EBE20753-8A1A-4918-8B55-5AD3C662E752}.Debug|Any CPU.Build.0 = Debug|Any CPU
		{EBE20753-8A1A-4918-8B55-5AD3C662E752}.Release|Any CPU.ActiveCfg = Release|Any CPU
		{EBE20753-8A1A-4918-8B55-5AD3C662E752}.Release|Any CPU.Build.0 = Release|Any CPU
		{A191D56C-ABE2-4FE7-BED3-B767D4933984}.Debug|Any CPU.ActiveCfg = Debug|Any CPU
		{A191D56C-ABE2-4FE7-BED3-B767D4933984}.Debug|Any CPU.Build.0 = Debug|Any CPU
		{A191D56C-ABE2-4FE7-BED3-B767D4933984}.Release|Any CPU.ActiveCfg = Release|Any CPU
		{A191D56C-ABE2-4FE7-BED3-B767D4933984}.Release|Any CPU.Build.0 = Release|Any CPU
	EndGlobalSection
	GlobalSection(SolutionProperties) = preSolution
		HideSolutionNode = FALSE
	EndGlobalSection
	GlobalSection(ExtensibilityGlobals) = postSolution
		SolutionGuid = {81ACDC73-44D3-44FF-8239-4BF5853827EE}
	EndGlobalSection
EndGlobal
