
Microsoft Visual Studio Solution File, Format Version 12.00
# Visual Studio 15
VisualStudioVersion = 15.0.28307.329
MinimumVisualStudioVersion = 10.0.40219.1
Project("{FAE04EC0-301F-11D3-BF4B-00C04F79EFBC}") = "StaticVsInstance", "StaticVsInstance\StaticVsInstance.csproj", "{C161B182-1E99-4442-BF00-635C33BDFACA}"
EndProject
Global
	GlobalSection(SolutionConfigurationPlatforms) = preSolution
		Debug|Any CPU = Debug|Any CPU
		Release|Any CPU = Release|Any CPU
	EndGlobalSection
	GlobalSection(ProjectConfigurationPlatforms) = postSolution
		{C161B182-1E99-4442-BF00-635C33BDFACA}.Debug|Any CPU.ActiveCfg = Debug|Any CPU
		{C161B182-1E99-4442-BF00-635C33BDFACA}.Debug|Any CPU.Build.0 = Debug|Any CPU
		{C161B182-1E99-4442-BF00-635C33BDFACA}.Release|Any CPU.ActiveCfg = Release|Any CPU
		{C161B182-1E99-4442-BF00-635C33BDFACA}.Release|Any CPU.Build.0 = Release|Any CPU
	EndGlobalSection
	GlobalSection(SolutionProperties) = preSolution
		HideSolutionNode = FALSE
	EndGlobalSection
	GlobalSection(ExtensibilityGlobals) = postSolution
		SolutionGuid = {48BAC60F-3D45-41FA-84D2-0AD17B2763F6}
	EndGlobalSection
EndGlobal
