
Microsoft Visual Studio Solution File, Format Version 12.00
# Visual Studio 15
VisualStudioVersion = 15.0.28307.329
MinimumVisualStudioVersion = 10.0.40219.1
Project("{FAE04EC0-301F-11D3-BF4B-00C04F79EFBC}") = "TestPrsLibrary", "TestPrsLibrary\TestPrsLibrary.csproj", "{785E3BCD-9FF2-43F3-99B9-2864F792E80F}"
EndProject
Global
	GlobalSection(SolutionConfigurationPlatforms) = preSolution
		Debug|Any CPU = Debug|Any CPU
		Release|Any CPU = Release|Any CPU
	EndGlobalSection
	GlobalSection(ProjectConfigurationPlatforms) = postSolution
		{785E3BCD-9FF2-43F3-99B9-2864F792E80F}.Debug|Any CPU.ActiveCfg = Debug|Any CPU
		{785E3BCD-9FF2-43F3-99B9-2864F792E80F}.Debug|Any CPU.Build.0 = Debug|Any CPU
		{785E3BCD-9FF2-43F3-99B9-2864F792E80F}.Release|Any CPU.ActiveCfg = Release|Any CPU
		{785E3BCD-9FF2-43F3-99B9-2864F792E80F}.Release|Any CPU.Build.0 = Release|Any CPU
	EndGlobalSection
	GlobalSection(SolutionProperties) = preSolution
		HideSolutionNode = FALSE
	EndGlobalSection
	GlobalSection(ExtensibilityGlobals) = postSolution
		SolutionGuid = {25985A2B-3F05-49FE-8B66-463E1CB6132D}
	EndGlobalSection
EndGlobal
